
Microsoft Visual Studio Solution File, Format Version 12.00
# Visual Studio Version 17
VisualStudioVersion = 17.14.36221.1 d17.14
MinimumVisualStudioVersion = 10.0.40219.1
Project("{FAE04EC0-301F-11D3-BF4B-00C04F79EFBC}") = "Webtest", "Webtest\Webtest.csproj", "{B2B29FA0-5D80-482F-9429-77FA81B186CB}"
EndProject
Global
	GlobalSection(SolutionConfigurationPlatforms) = preSolution
		Debug|Any CPU = Debug|Any CPU
		Release|Any CPU = Release|Any CPU
	EndGlobalSection
	GlobalSection(ProjectConfigurationPlatforms) = postSolution
		{B2B29FA0-5D80-482F-9429-77FA81B186CB}.Debug|Any CPU.ActiveCfg = Debug|Any CPU
		{B2B29FA0-5D80-482F-9429-77FA81B186CB}.Debug|Any CPU.Build.0 = Debug|Any CPU
		{B2B29FA0-5D80-482F-9429-77FA81B186CB}.Release|Any CPU.ActiveCfg = Release|Any CPU
		{B2B29FA0-5D80-482F-9429-77FA81B186CB}.Release|Any CPU.Build.0 = Release|Any CPU
	EndGlobalSection
	GlobalSection(SolutionProperties) = preSolution
		HideSolutionNode = FALSE
	EndGlobalSection
	GlobalSection(ExtensibilityGlobals) = postSolution
		SolutionGuid = {0AC86154-8166-4123-AD46-785FE781B664}
	EndGlobalSection
EndGlobal
